        # Generated by pub. See: http://pub.dartlang.org/doc/glossary.html#lockfile
         {"packages":{"logging":{"version":"0.4.0","source":"hosted","description":"logging"},"json_object":{"version":"1.0.11","source":"hosted","description":"json_object"},"browser":{"version":"0.4.0","source":"hosted","description":"browser"},"meta":{"version":"0.4.0","source":"hosted","description":"meta"},"unittest":{"version":"0.4.0","source":"hosted","description":"unittest"}}}
        