{"packages":{"rikulo":{"version":"0.6.0","source":"git","description":{"url":"git://github.com/rikulo/rikulo.git","ref":null,"resolved-ref":"3d8489be9d06536447382fb1c9e6f4541736d9aa"}},"rikulo_commons":{"version":"0.6.2","source":"hosted","description":"rikulo_commons"},"js":{"version":"0.0.13","source":"hosted","description":"js"},"unittest":{"version":"0.2.9+7","source":"hosted","description":"unittest"}}}